
Microsoft Visual Studio Solution File, Format Version 12.00
# Visual Studio 15
VisualStudioVersion = 15.0.28010.2046
MinimumVisualStudioVersion = 10.0.40219.1
Project("{FAE04EC0-301F-11D3-BF4B-00C04F79EFBC}") = "WpfEsercizioNatale3", "WpfEsercizioNatale3\WpfEsercizioNatale3.csproj", "{EC826B15-748C-4705-9770-885423814DF4}"
EndProject
Global
	GlobalSection(SolutionConfigurationPlatforms) = preSolution
		Debug|Any CPU = Debug|Any CPU
		Release|Any CPU = Release|Any CPU
	EndGlobalSection
	GlobalSection(ProjectConfigurationPlatforms) = postSolution
		{EC826B15-748C-4705-9770-885423814DF4}.Debug|Any CPU.ActiveCfg = Debug|Any CPU
		{EC826B15-748C-4705-9770-885423814DF4}.Debug|Any CPU.Build.0 = Debug|Any CPU
		{EC826B15-748C-4705-9770-885423814DF4}.Release|Any CPU.ActiveCfg = Release|Any CPU
		{EC826B15-748C-4705-9770-885423814DF4}.Release|Any CPU.Build.0 = Release|Any CPU
	EndGlobalSection
	GlobalSection(SolutionProperties) = preSolution
		HideSolutionNode = FALSE
	EndGlobalSection
	GlobalSection(ExtensibilityGlobals) = postSolution
		SolutionGuid = {02A0D111-7BD7-40AC-90E2-576E3807B4FC}
	EndGlobalSection
EndGlobal
